Microsoft Visual Studio Solution File, Format Version 12.00
# Visual Studio Version 17
VisualStudioVersion = 17.0.31903.59
MinimumVisualStudioVersion = 10.0.40219.1
Project("{2150E333-8FDC-42A3-9474-1A3956D46DE8}") = "core", "core", "{B1B11111-1111-1111-1111-111111111111}"
EndProject
Project("{2150E333-8FDC-42A3-9474-1A3956D46DE8}") = "host", "host", "{B2B22222-2222-2222-2222-222222222222}"
EndProject
Project("{2150E333-8FDC-42A3-9474-1A3956D46DE8}") = "shared", "shared", "{B3B33333-3333-3333-3333-333333333333}"
EndProject
Project("{2150E333-8FDC-42A3-9474-1A3956D46DE8}") = "tests", "tests", "{B4B44444-4444-4444-4444-444444444444}"
EndProject
Project("{2150E333-8FDC-42A3-9474-1A3956D46DE8}") = "modules", "modules", "{B5B55555-5555-5555-5555-555555555555}"
EndProject
Project("{FAE04EC0-301F-11D3-BF4B-00C04F79EFBC}") = "Ulp.M1.Domain", "modules\M1.MasterData\Ulp.M1.Domain\Ulp.M1.Domain.csproj", "{D1000001-0001-0001-0001-000000000001}"
EndProject
Project("{FAE04EC0-301F-11D3-BF4B-00C04F79EFBC}") = "Ulp.M1.Application", "modules\M1.MasterData\Ulp.M1.Application\Ulp.M1.Application.csproj", "{D1000002-0002-0002-0002-000000000002}"
EndProject
Project("{FAE04EC0-301F-11D3-BF4B-00C04F79EFBC}") = "Ulp.M1.Infrastructure", "modules\M1.MasterData\Ulp.M1.Infrastructure\Ulp.M1.Infrastructure.csproj", "{D1000003-0003-0003-0003-000000000003}"
EndProject
Project("{FAE04EC0-301F-11D3-BF4B-00C04F79EFBC}") = "Ulp.M1.Api", "modules\M1.MasterData\Ulp.M1.Api\Ulp.M1.Api.csproj", "{D1000004-0004-0004-0004-000000000004}"
EndProject
Project("{FAE04EC0-301F-11D3-BF4B-00C04F79EFBC}") = "Ulp.M26.Domain", "modules\M26.Rbac\Ulp.M26.Domain\Ulp.M26.Domain.csproj", "{D2600001-0001-0001-0001-000000000001}"
EndProject
Project("{FAE04EC0-301F-11D3-BF4B-00C04F79EFBC}") = "Ulp.M26.Application", "modules\M26.Rbac\Ulp.M26.Application\Ulp.M26.Application.csproj", "{D2600002-0002-0002-0002-000000000002}"
EndProject
Project("{FAE04EC0-301F-11D3-BF4B-00C04F79EFBC}") = "Ulp.M26.Infrastructure", "modules\M26.Rbac\Ulp.M26.Infrastructure\Ulp.M26.Infrastructure.csproj", "{D2600003-0003-0003-0003-000000000003}"
EndProject
Project("{FAE04EC0-301F-11D3-BF4B-00C04F79EFBC}") = "Ulp.M26.Api", "modules\M26.Rbac\Ulp.M26.Api\Ulp.M26.Api.csproj", "{D2600004-0004-0004-0004-000000000004}"
EndProject
Project("{FAE04EC0-301F-11D3-BF4B-00C04F79EFBC}") = "Ulp.M21.Domain", "modules\M21.DocManagement\Ulp.M21.Domain\Ulp.M21.Domain.csproj", "{D2100001-0001-0001-0001-000000000001}"
EndProject
Project("{FAE04EC0-301F-11D3-BF4B-00C04F79EFBC}") = "Ulp.M21.Application", "modules\M21.DocManagement\Ulp.M21.Application\Ulp.M21.Application.csproj", "{D2100002-0002-0002-0002-000000000002}"
EndProject
Project("{FAE04EC0-301F-11D3-BF4B-00C04F79EFBC}") = "Ulp.M21.Infrastructure", "modules\M21.DocManagement\Ulp.M21.Infrastructure\Ulp.M21.Infrastructure.csproj", "{D2100003-0003-0003-0003-000000000003}"
EndProject
Project("{FAE04EC0-301F-11D3-BF4B-00C04F79EFBC}") = "Ulp.M21.Api", "modules\M21.DocManagement\Ulp.M21.Api\Ulp.M21.Api.csproj", "{D2100004-0004-0004-0004-000000000004}"
EndProject
Project("{FAE04EC0-301F-11D3-BF4B-00C04F79EFBC}") = "Ulp.M27.Domain", "modules\M27.Notifications\Ulp.M27.Domain\Ulp.M27.Domain.csproj", "{D2700001-0001-0001-0001-000000000001}"
EndProject
Project("{FAE04EC0-301F-11D3-BF4B-00C04F79EFBC}") = "Ulp.M27.Application", "modules\M27.Notifications\Ulp.M27.Application\Ulp.M27.Application.csproj", "{D2700002-0002-0002-0002-000000000002}"
EndProject
Project("{FAE04EC0-301F-11D3-BF4B-00C04F79EFBC}") = "Ulp.M27.Infrastructure", "modules\M27.Notifications\Ulp.M27.Infrastructure\Ulp.M27.Infrastructure.csproj", "{D2700003-0003-0003-0003-000000000003}"
EndProject
Project("{FAE04EC0-301F-11D3-BF4B-00C04F79EFBC}") = "Ulp.M27.Api", "modules\M27.Notifications\Ulp.M27.Api\Ulp.M27.Api.csproj", "{D2700004-0004-0004-0004-000000000004}"
EndProject
Project("{FAE04EC0-301F-11D3-BF4B-00C04F79EFBC}") = "Ulp.M3.Domain", "modules\M3.VendorManagement\Ulp.M3.Domain\Ulp.M3.Domain.csproj", "{D0300001-0001-0001-0001-000000000001}"
EndProject
Project("{FAE04EC0-301F-11D3-BF4B-00C04F79EFBC}") = "Ulp.M3.Application", "modules\M3.VendorManagement\Ulp.M3.Application\Ulp.M3.Application.csproj", "{D0300002-0002-0002-0002-000000000002}"
EndProject
Project("{FAE04EC0-301F-11D3-BF4B-00C04F79EFBC}") = "Ulp.M3.Infrastructure", "modules\M3.VendorManagement\Ulp.M3.Infrastructure\Ulp.M3.Infrastructure.csproj", "{D0300003-0003-0003-0003-000000000003}"
EndProject
Project("{FAE04EC0-301F-11D3-BF4B-00C04F79EFBC}") = "Ulp.M3.Api", "modules\M3.VendorManagement\Ulp.M3.Api\Ulp.M3.Api.csproj", "{D0300004-0004-0004-0004-000000000004}"
EndProject
Project("{FAE04EC0-301F-11D3-BF4B-00C04F79EFBC}") = "Ulp.M14.Domain", "modules\M14.Pricing\Ulp.M14.Domain\Ulp.M14.Domain.csproj", "{D1400001-0001-0001-0001-000000000001}"
EndProject
Project("{FAE04EC0-301F-11D3-BF4B-00C04F79EFBC}") = "Ulp.M14.Application", "modules\M14.Pricing\Ulp.M14.Application\Ulp.M14.Application.csproj", "{D1400002-0002-0002-0002-000000000002}"
EndProject
Project("{FAE04EC0-301F-11D3-BF4B-00C04F79EFBC}") = "Ulp.M14.Infrastructure", "modules\M14.Pricing\Ulp.M14.Infrastructure\Ulp.M14.Infrastructure.csproj", "{D1400003-0003-0003-0003-000000000003}"
EndProject
Project("{FAE04EC0-301F-11D3-BF4B-00C04F79EFBC}") = "Ulp.M14.Api", "modules\M14.Pricing\Ulp.M14.Api\Ulp.M14.Api.csproj", "{D1400004-0004-0004-0004-000000000004}"
EndProject
Project("{FAE04EC0-301F-11D3-BF4B-00C04F79EFBC}") = "Ulp.M6.Domain", "modules\M6.DocGeneration\Ulp.M6.Domain\Ulp.M6.Domain.csproj", "{D0600001-0001-0001-0001-000000000001}"
EndProject
Project("{FAE04EC0-301F-11D3-BF4B-00C04F79EFBC}") = "Ulp.M6.Application", "modules\M6.DocGeneration\Ulp.M6.Application\Ulp.M6.Application.csproj", "{D0600002-0002-0002-0002-000000000002}"
EndProject
Project("{FAE04EC0-301F-11D3-BF4B-00C04F79EFBC}") = "Ulp.M6.Infrastructure", "modules\M6.DocGeneration\Ulp.M6.Infrastructure\Ulp.M6.Infrastructure.csproj", "{D0600003-0003-0003-0003-000000000003}"
EndProject
Project("{FAE04EC0-301F-11D3-BF4B-00C04F79EFBC}") = "Ulp.M6.Api", "modules\M6.DocGeneration\Ulp.M6.Api\Ulp.M6.Api.csproj", "{D0600004-0004-0004-0004-000000000004}"
EndProject
Project("{FAE04EC0-301F-11D3-BF4B-00C04F79EFBC}") = "Ulp.M5.Domain", "modules\M5.FreightForwarding\Ulp.M5.Domain\Ulp.M5.Domain.csproj", "{D0500001-0001-0001-0001-000000000001}"
EndProject
Project("{FAE04EC0-301F-11D3-BF4B-00C04F79EFBC}") = "Ulp.M5.Application", "modules\M5.FreightForwarding\Ulp.M5.Application\Ulp.M5.Application.csproj", "{D0500002-0002-0002-0002-000000000002}"
EndProject
Project("{FAE04EC0-301F-11D3-BF4B-00C04F79EFBC}") = "Ulp.M5.Infrastructure", "modules\M5.FreightForwarding\Ulp.M5.Infrastructure\Ulp.M5.Infrastructure.csproj", "{D0500003-0003-0003-0003-000000000003}"
EndProject
Project("{FAE04EC0-301F-11D3-BF4B-00C04F79EFBC}") = "Ulp.M5.Api", "modules\M5.FreightForwarding\Ulp.M5.Api\Ulp.M5.Api.csproj", "{D0500004-0004-0004-0004-000000000004}"
EndProject
Project("{FAE04EC0-301F-11D3-BF4B-00C04F79EFBC}") = "Ulp.M2.Domain", "modules\M2.SalesCrm\Ulp.M2.Domain\Ulp.M2.Domain.csproj", "{D0200001-0001-0001-0001-000000000001}"
EndProject
Project("{FAE04EC0-301F-11D3-BF4B-00C04F79EFBC}") = "Ulp.M2.Application", "modules\M2.SalesCrm\Ulp.M2.Application\Ulp.M2.Application.csproj", "{D0200002-0002-0002-0002-000000000002}"
EndProject
Project("{FAE04EC0-301F-11D3-BF4B-00C04F79EFBC}") = "Ulp.M2.Infrastructure", "modules\M2.SalesCrm\Ulp.M2.Infrastructure\Ulp.M2.Infrastructure.csproj", "{D0200003-0003-0003-0003-000000000003}"
EndProject
Project("{FAE04EC0-301F-11D3-BF4B-00C04F79EFBC}") = "Ulp.M2.Api", "modules\M2.SalesCrm\Ulp.M2.Api\Ulp.M2.Api.csproj", "{D0200004-0004-0004-0004-000000000004}"
EndProject
Project("{FAE04EC0-301F-11D3-BF4B-00C04F79EFBC}") = "Ulp.M7.Domain", "modules\M7.Procurement\Ulp.M7.Domain\Ulp.M7.Domain.csproj", "{D0700001-0001-0001-0001-000000000001}"
EndProject
Project("{FAE04EC0-301F-11D3-BF4B-00C04F79EFBC}") = "Ulp.M7.Application", "modules\M7.Procurement\Ulp.M7.Application\Ulp.M7.Application.csproj", "{D0700002-0002-0002-0002-000000000002}"
EndProject
Project("{FAE04EC0-301F-11D3-BF4B-00C04F79EFBC}") = "Ulp.M7.Infrastructure", "modules\M7.Procurement\Ulp.M7.Infrastructure\Ulp.M7.Infrastructure.csproj", "{D0700003-0003-0003-0003-000000000003}"
EndProject
Project("{FAE04EC0-301F-11D3-BF4B-00C04F79EFBC}") = "Ulp.M7.Api", "modules\M7.Procurement\Ulp.M7.Api\Ulp.M7.Api.csproj", "{D0700004-0004-0004-0004-000000000004}"
EndProject
Project("{FAE04EC0-301F-11D3-BF4B-00C04F79EFBC}") = "Ulp.M9.Domain", "modules\M9.LastMile\Ulp.M9.Domain\Ulp.M9.Domain.csproj", "{D0900001-0001-0001-0001-000000000001}"
EndProject
Project("{FAE04EC0-301F-11D3-BF4B-00C04F79EFBC}") = "Ulp.M9.Application", "modules\M9.LastMile\Ulp.M9.Application\Ulp.M9.Application.csproj", "{D0900002-0002-0002-0002-000000000002}"
EndProject
Project("{FAE04EC0-301F-11D3-BF4B-00C04F79EFBC}") = "Ulp.M9.Infrastructure", "modules\M9.LastMile\Ulp.M9.Infrastructure\Ulp.M9.Infrastructure.csproj", "{D0900003-0003-0003-0003-000000000003}"
EndProject
Project("{FAE04EC0-301F-11D3-BF4B-00C04F79EFBC}") = "Ulp.M9.Api", "modules\M9.LastMile\Ulp.M9.Api\Ulp.M9.Api.csproj", "{D0900004-0004-0004-0004-000000000004}"
EndProject
Project("{FAE04EC0-301F-11D3-BF4B-00C04F79EFBC}") = "Ulp.Core.Domain", "core\Ulp.Core.Domain\Ulp.Core.Domain.csproj", "{C0000001-0001-0001-0001-000000000001}"
EndProject
Project("{FAE04EC0-301F-11D3-BF4B-00C04F79EFBC}") = "Ulp.Core.Abstractions", "core\Ulp.Core.Abstractions\Ulp.Core.Abstractions.csproj", "{C0000002-0002-0002-0002-000000000002}"
EndProject
Project("{FAE04EC0-301F-11D3-BF4B-00C04F79EFBC}") = "Ulp.Core.Application", "core\Ulp.Core.Application\Ulp.Core.Application.csproj", "{C0000003-0003-0003-0003-000000000003}"
EndProject
Project("{FAE04EC0-301F-11D3-BF4B-00C04F79EFBC}") = "Ulp.Core.Infrastructure", "core\Ulp.Core.Infrastructure\Ulp.Core.Infrastructure.csproj", "{C0000004-0004-0004-0004-000000000004}"
EndProject
Project("{FAE04EC0-301F-11D3-BF4B-00C04F79EFBC}") = "Ulp.Core.PluginHost", "core\Ulp.Core.PluginHost\Ulp.Core.PluginHost.csproj", "{C0000005-0005-0005-0005-000000000005}"
EndProject
Project("{FAE04EC0-301F-11D3-BF4B-00C04F79EFBC}") = "Ulp.Api", "host\Ulp.Api\Ulp.Api.csproj", "{C0000006-0006-0006-0006-000000000006}"
EndProject
Project("{FAE04EC0-301F-11D3-BF4B-00C04F79EFBC}") = "Ulp.Worker", "host\Ulp.Worker\Ulp.Worker.csproj", "{C0000007-0007-0007-0007-000000000007}"
EndProject
Project("{FAE04EC0-301F-11D3-BF4B-00C04F79EFBC}") = "Ulp.Migrations", "host\Ulp.Migrations\Ulp.Migrations.csproj", "{C0000008-0008-0008-0008-000000000008}"
EndProject
Project("{FAE04EC0-301F-11D3-BF4B-00C04F79EFBC}") = "Ulp.BuildingBlocks", "shared\Ulp.BuildingBlocks\Ulp.BuildingBlocks.csproj", "{C0000009-0009-0009-0009-000000000009}"
EndProject
Project("{FAE04EC0-301F-11D3-BF4B-00C04F79EFBC}") = "Ulp.TestKit", "shared\Ulp.TestKit\Ulp.TestKit.csproj", "{C000000A-000A-000A-000A-00000000000A}"
EndProject
Project("{FAE04EC0-301F-11D3-BF4B-00C04F79EFBC}") = "Ulp.Core.Domain.Tests", "..\..\tests\unit\Ulp.Core.Domain.Tests\Ulp.Core.Domain.Tests.csproj", "{C000000B-000B-000B-000B-00000000000B}"
EndProject
Project("{2150E333-8FDC-42A3-9474-1A3956D46DE8}") = "M17.Accounts", "M17.Accounts", "{5813DB08-8595-4DC3-8126-835495488D32}"
EndProject
Project("{FAE04EC0-301F-11D3-BF4B-00C04F79EFBC}") = "Ulp.M17.Domain", "modules\M17.Accounts\Ulp.M17.Domain\Ulp.M17.Domain.csproj", "{818721F3-2F05-4E5C-80B9-EABB396389CD}"
EndProject
Project("{FAE04EC0-301F-11D3-BF4B-00C04F79EFBC}") = "Ulp.M17.Application", "modules\M17.Accounts\Ulp.M17.Application\Ulp.M17.Application.csproj", "{7350ECCE-2519-4546-8781-28D2D6DBD357}"
EndProject
Project("{FAE04EC0-301F-11D3-BF4B-00C04F79EFBC}") = "Ulp.M17.Infrastructure", "modules\M17.Accounts\Ulp.M17.Infrastructure\Ulp.M17.Infrastructure.csproj", "{5D414F7F-474B-4614-A209-99FB7DC73D61}"
EndProject
Project("{FAE04EC0-301F-11D3-BF4B-00C04F79EFBC}") = "Ulp.M17.Api", "modules\M17.Accounts\Ulp.M17.Api\Ulp.M17.Api.csproj", "{88697D93-CA18-48CA-AF2A-F9B25C7B5CC7}"
EndProject
Project("{2150E333-8FDC-42A3-9474-1A3956D46DE8}") = "plugins", "plugins", "{8EDF26D0-33DF-4F90-9A08-711CC994E74E}"
EndProject
Project("{2150E333-8FDC-42A3-9474-1A3956D46DE8}") = "india", "india", "{76EE884D-7477-4924-9867-971EE610C8E3}"
EndProject
Project("{FAE04EC0-301F-11D3-BF4B-00C04F79EFBC}") = "Ulp.Plugin.India.Tax", "plugins\india\Ulp.Plugin.India.Tax\Ulp.Plugin.India.Tax.csproj", "{D399E7E1-8C97-4F8B-A262-65990ECA3902}"
EndProject
Project("{2150E333-8FDC-42A3-9474-1A3956D46DE8}") = "M4.Cha", "M4.Cha", "{3DBAD557-30EB-4CAE-BD07-226D147D8A7D}"
EndProject
Project("{FAE04EC0-301F-11D3-BF4B-00C04F79EFBC}") = "Ulp.M4.Domain", "modules\M4.Cha\Ulp.M4.Domain\Ulp.M4.Domain.csproj", "{70460633-7465-478E-817D-69AD70C31758}"
EndProject
Project("{FAE04EC0-301F-11D3-BF4B-00C04F79EFBC}") = "Ulp.M4.Application", "modules\M4.Cha\Ulp.M4.Application\Ulp.M4.Application.csproj", "{6C839FD1-CB53-4A55-BC4C-D2CB0CBEA93B}"
EndProject
Project("{FAE04EC0-301F-11D3-BF4B-00C04F79EFBC}") = "Ulp.M4.Infrastructure", "modules\M4.Cha\Ulp.M4.Infrastructure\Ulp.M4.Infrastructure.csproj", "{3CF900DF-EEF5-4E60-AF9E-FE1410F31246}"
EndProject
Project("{FAE04EC0-301F-11D3-BF4B-00C04F79EFBC}") = "Ulp.M4.Api", "modules\M4.Cha\Ulp.M4.Api\Ulp.M4.Api.csproj", "{9BBABE8C-67E2-4DAD-8C95-8F6D1D24D1E7}"
EndProject
Global
	GlobalSection(SolutionConfigurationPlatforms) = preSolution
		Debug|Any CPU = Debug|Any CPU
		Release|Any CPU = Release|Any CPU
	EndGlobalSection
	GlobalSection(ProjectConfigurationPlatforms) = postSolution
		{C0000001-0001-0001-0001-000000000001}.Debug|Any CPU.ActiveCfg = Debug|Any CPU
		{C0000001-0001-0001-0001-000000000001}.Debug|Any CPU.Build.0 = Debug|Any CPU
		{C0000001-0001-0001-0001-000000000001}.Release|Any CPU.ActiveCfg = Release|Any CPU
		{C0000001-0001-0001-0001-000000000001}.Release|Any CPU.Build.0 = Release|Any CPU
		{C0000002-0002-0002-0002-000000000002}.Debug|Any CPU.ActiveCfg = Debug|Any CPU
		{C0000002-0002-0002-0002-000000000002}.Debug|Any CPU.Build.0 = Debug|Any CPU
		{C0000002-0002-0002-0002-000000000002}.Release|Any CPU.ActiveCfg = Release|Any CPU
		{C0000002-0002-0002-0002-000000000002}.Release|Any CPU.Build.0 = Release|Any CPU
		{C0000003-0003-0003-0003-000000000003}.Debug|Any CPU.ActiveCfg = Debug|Any CPU
		{C0000003-0003-0003-0003-000000000003}.Debug|Any CPU.Build.0 = Debug|Any CPU
		{C0000003-0003-0003-0003-000000000003}.Release|Any CPU.ActiveCfg = Release|Any CPU
		{C0000003-0003-0003-0003-000000000003}.Release|Any CPU.Build.0 = Release|Any CPU
		{C0000004-0004-0004-0004-000000000004}.Debug|Any CPU.ActiveCfg = Debug|Any CPU
		{C0000004-0004-0004-0004-000000000004}.Debug|Any CPU.Build.0 = Debug|Any CPU
		{C0000004-0004-0004-0004-000000000004}.Release|Any CPU.ActiveCfg = Release|Any CPU
		{C0000004-0004-0004-0004-000000000004}.Release|Any CPU.Build.0 = Release|Any CPU
		{C0000005-0005-0005-0005-000000000005}.Debug|Any CPU.ActiveCfg = Debug|Any CPU
		{C0000005-0005-0005-0005-000000000005}.Debug|Any CPU.Build.0 = Debug|Any CPU
		{C0000005-0005-0005-0005-000000000005}.Release|Any CPU.ActiveCfg = Release|Any CPU
		{C0000005-0005-0005-0005-000000000005}.Release|Any CPU.Build.0 = Release|Any CPU
		{C0000006-0006-0006-0006-000000000006}.Debug|Any CPU.ActiveCfg = Debug|Any CPU
		{C0000006-0006-0006-0006-000000000006}.Debug|Any CPU.Build.0 = Debug|Any CPU
		{C0000006-0006-0006-0006-000000000006}.Release|Any CPU.ActiveCfg = Release|Any CPU
		{C0000006-0006-0006-0006-000000000006}.Release|Any CPU.Build.0 = Release|Any CPU
		{C0000007-0007-0007-0007-000000000007}.Debug|Any CPU.ActiveCfg = Debug|Any CPU
		{C0000007-0007-0007-0007-000000000007}.Debug|Any CPU.Build.0 = Debug|Any CPU
		{C0000007-0007-0007-0007-000000000007}.Release|Any CPU.ActiveCfg = Release|Any CPU
		{C0000007-0007-0007-0007-000000000007}.Release|Any CPU.Build.0 = Release|Any CPU
		{C0000008-0008-0008-0008-000000000008}.Debug|Any CPU.ActiveCfg = Debug|Any CPU
		{C0000008-0008-0008-0008-000000000008}.Debug|Any CPU.Build.0 = Debug|Any CPU
		{C0000008-0008-0008-0008-000000000008}.Release|Any CPU.ActiveCfg = Release|Any CPU
		{C0000008-0008-0008-0008-000000000008}.Release|Any CPU.Build.0 = Release|Any CPU
		{C0000009-0009-0009-0009-000000000009}.Debug|Any CPU.ActiveCfg = Debug|Any CPU
		{C0000009-0009-0009-0009-000000000009}.Debug|Any CPU.Build.0 = Debug|Any CPU
		{C0000009-0009-0009-0009-000000000009}.Release|Any CPU.ActiveCfg = Release|Any CPU
		{C0000009-0009-0009-0009-000000000009}.Release|Any CPU.Build.0 = Release|Any CPU
		{C000000A-000A-000A-000A-00000000000A}.Debug|Any CPU.ActiveCfg = Debug|Any CPU
		{C000000A-000A-000A-000A-00000000000A}.Debug|Any CPU.Build.0 = Debug|Any CPU
		{C000000A-000A-000A-000A-00000000000A}.Release|Any CPU.ActiveCfg = Release|Any CPU
		{C000000A-000A-000A-000A-00000000000A}.Release|Any CPU.Build.0 = Release|Any CPU
		{C000000B-000B-000B-000B-00000000000B}.Debug|Any CPU.ActiveCfg = Debug|Any CPU
		{C000000B-000B-000B-000B-00000000000B}.Debug|Any CPU.Build.0 = Debug|Any CPU
		{C000000B-000B-000B-000B-00000000000B}.Release|Any CPU.ActiveCfg = Release|Any CPU
		{C000000B-000B-000B-000B-00000000000B}.Release|Any CPU.Build.0 = Release|Any CPU
		{D1000001-0001-0001-0001-000000000001}.Debug|Any CPU.ActiveCfg = Debug|Any CPU
		{D1000001-0001-0001-0001-000000000001}.Debug|Any CPU.Build.0 = Debug|Any CPU
		{D1000001-0001-0001-0001-000000000001}.Release|Any CPU.ActiveCfg = Release|Any CPU
		{D1000001-0001-0001-0001-000000000001}.Release|Any CPU.Build.0 = Release|Any CPU
		{D1000002-0002-0002-0002-000000000002}.Debug|Any CPU.ActiveCfg = Debug|Any CPU
		{D1000002-0002-0002-0002-000000000002}.Debug|Any CPU.Build.0 = Debug|Any CPU
		{D1000002-0002-0002-0002-000000000002}.Release|Any CPU.ActiveCfg = Release|Any CPU
		{D1000002-0002-0002-0002-000000000002}.Release|Any CPU.Build.0 = Release|Any CPU
		{D1000003-0003-0003-0003-000000000003}.Debug|Any CPU.ActiveCfg = Debug|Any CPU
		{D1000003-0003-0003-0003-000000000003}.Debug|Any CPU.Build.0 = Debug|Any CPU
		{D1000003-0003-0003-0003-000000000003}.Release|Any CPU.ActiveCfg = Release|Any CPU
		{D1000003-0003-0003-0003-000000000003}.Release|Any CPU.Build.0 = Release|Any CPU
		{D1000004-0004-0004-0004-000000000004}.Debug|Any CPU.ActiveCfg = Debug|Any CPU
		{D1000004-0004-0004-0004-000000000004}.Debug|Any CPU.Build.0 = Debug|Any CPU
		{D1000004-0004-0004-0004-000000000004}.Release|Any CPU.ActiveCfg = Release|Any CPU
		{D1000004-0004-0004-0004-000000000004}.Release|Any CPU.Build.0 = Release|Any CPU
		{D2600001-0001-0001-0001-000000000001}.Debug|Any CPU.ActiveCfg = Debug|Any CPU
		{D2600001-0001-0001-0001-000000000001}.Debug|Any CPU.Build.0 = Debug|Any CPU
		{D2600001-0001-0001-0001-000000000001}.Release|Any CPU.ActiveCfg = Release|Any CPU
		{D2600001-0001-0001-0001-000000000001}.Release|Any CPU.Build.0 = Release|Any CPU
		{D2600002-0002-0002-0002-000000000002}.Debug|Any CPU.ActiveCfg = Debug|Any CPU
		{D2600002-0002-0002-0002-000000000002}.Debug|Any CPU.Build.0 = Debug|Any CPU
		{D2600002-0002-0002-0002-000000000002}.Release|Any CPU.ActiveCfg = Release|Any CPU
		{D2600002-0002-0002-0002-000000000002}.Release|Any CPU.Build.0 = Release|Any CPU
		{D2600003-0003-0003-0003-000000000003}.Debug|Any CPU.ActiveCfg = Debug|Any CPU
		{D2600003-0003-0003-0003-000000000003}.Debug|Any CPU.Build.0 = Debug|Any CPU
		{D2600003-0003-0003-0003-000000000003}.Release|Any CPU.ActiveCfg = Release|Any CPU
		{D2600003-0003-0003-0003-000000000003}.Release|Any CPU.Build.0 = Release|Any CPU
		{D2600004-0004-0004-0004-000000000004}.Debug|Any CPU.ActiveCfg = Debug|Any CPU
		{D2600004-0004-0004-0004-000000000004}.Debug|Any CPU.Build.0 = Debug|Any CPU
		{D2600004-0004-0004-0004-000000000004}.Release|Any CPU.ActiveCfg = Release|Any CPU
		{D2600004-0004-0004-0004-000000000004}.Release|Any CPU.Build.0 = Release|Any CPU
		{D2100001-0001-0001-0001-000000000001}.Debug|Any CPU.ActiveCfg = Debug|Any CPU
		{D2100001-0001-0001-0001-000000000001}.Debug|Any CPU.Build.0 = Debug|Any CPU
		{D2100001-0001-0001-0001-000000000001}.Release|Any CPU.ActiveCfg = Release|Any CPU
		{D2100001-0001-0001-0001-000000000001}.Release|Any CPU.Build.0 = Release|Any CPU
		{D2100002-0002-0002-0002-000000000002}.Debug|Any CPU.ActiveCfg = Debug|Any CPU
		{D2100002-0002-0002-0002-000000000002}.Debug|Any CPU.Build.0 = Debug|Any CPU
		{D2100002-0002-0002-0002-000000000002}.Release|Any CPU.ActiveCfg = Release|Any CPU
		{D2100002-0002-0002-0002-000000000002}.Release|Any CPU.Build.0 = Release|Any CPU
		{D2100003-0003-0003-0003-000000000003}.Debug|Any CPU.ActiveCfg = Debug|Any CPU
		{D2100003-0003-0003-0003-000000000003}.Debug|Any CPU.Build.0 = Debug|Any CPU
		{D2100003-0003-0003-0003-000000000003}.Release|Any CPU.ActiveCfg = Release|Any CPU
		{D2100003-0003-0003-0003-000000000003}.Release|Any CPU.Build.0 = Release|Any CPU
		{D2100004-0004-0004-0004-000000000004}.Debug|Any CPU.ActiveCfg = Debug|Any CPU
		{D2100004-0004-0004-0004-000000000004}.Debug|Any CPU.Build.0 = Debug|Any CPU
		{D2100004-0004-0004-0004-000000000004}.Release|Any CPU.ActiveCfg = Release|Any CPU
		{D2100004-0004-0004-0004-000000000004}.Release|Any CPU.Build.0 = Release|Any CPU
		{D2700001-0001-0001-0001-000000000001}.Debug|Any CPU.ActiveCfg = Debug|Any CPU
		{D2700001-0001-0001-0001-000000000001}.Debug|Any CPU.Build.0 = Debug|Any CPU
		{D2700001-0001-0001-0001-000000000001}.Release|Any CPU.ActiveCfg = Release|Any CPU
		{D2700001-0001-0001-0001-000000000001}.Release|Any CPU.Build.0 = Release|Any CPU
		{D2700002-0002-0002-0002-000000000002}.Debug|Any CPU.ActiveCfg = Debug|Any CPU
		{D2700002-0002-0002-0002-000000000002}.Debug|Any CPU.Build.0 = Debug|Any CPU
		{D2700002-0002-0002-0002-000000000002}.Release|Any CPU.ActiveCfg = Release|Any CPU
		{D2700002-0002-0002-0002-000000000002}.Release|Any CPU.Build.0 = Release|Any CPU
		{D2700003-0003-0003-0003-000000000003}.Debug|Any CPU.ActiveCfg = Debug|Any CPU
		{D2700003-0003-0003-0003-000000000003}.Debug|Any CPU.Build.0 = Debug|Any CPU
		{D2700003-0003-0003-0003-000000000003}.Release|Any CPU.ActiveCfg = Release|Any CPU
		{D2700003-0003-0003-0003-000000000003}.Release|Any CPU.Build.0 = Release|Any CPU
		{D2700004-0004-0004-0004-000000000004}.Debug|Any CPU.ActiveCfg = Debug|Any CPU
		{D2700004-0004-0004-0004-000000000004}.Debug|Any CPU.Build.0 = Debug|Any CPU
		{D2700004-0004-0004-0004-000000000004}.Release|Any CPU.ActiveCfg = Release|Any CPU
		{D2700004-0004-0004-0004-000000000004}.Release|Any CPU.Build.0 = Release|Any CPU
		{D0300001-0001-0001-0001-000000000001}.Debug|Any CPU.ActiveCfg = Debug|Any CPU
		{D0300001-0001-0001-0001-000000000001}.Debug|Any CPU.Build.0 = Debug|Any CPU
		{D0300001-0001-0001-0001-000000000001}.Release|Any CPU.ActiveCfg = Release|Any CPU
		{D0300001-0001-0001-0001-000000000001}.Release|Any CPU.Build.0 = Release|Any CPU
		{D0300002-0002-0002-0002-000000000002}.Debug|Any CPU.ActiveCfg = Debug|Any CPU
		{D0300002-0002-0002-0002-000000000002}.Debug|Any CPU.Build.0 = Debug|Any CPU
		{D0300002-0002-0002-0002-000000000002}.Release|Any CPU.ActiveCfg = Release|Any CPU
		{D0300002-0002-0002-0002-000000000002}.Release|Any CPU.Build.0 = Release|Any CPU
		{D0300003-0003-0003-0003-000000000003}.Debug|Any CPU.ActiveCfg = Debug|Any CPU
		{D0300003-0003-0003-0003-000000000003}.Debug|Any CPU.Build.0 = Debug|Any CPU
		{D0300003-0003-0003-0003-000000000003}.Release|Any CPU.ActiveCfg = Release|Any CPU
		{D0300003-0003-0003-0003-000000000003}.Release|Any CPU.Build.0 = Release|Any CPU
		{D0300004-0004-0004-0004-000000000004}.Debug|Any CPU.ActiveCfg = Debug|Any CPU
		{D0300004-0004-0004-0004-000000000004}.Debug|Any CPU.Build.0 = Debug|Any CPU
		{D0300004-0004-0004-0004-000000000004}.Release|Any CPU.ActiveCfg = Release|Any CPU
		{D0300004-0004-0004-0004-000000000004}.Release|Any CPU.Build.0 = Release|Any CPU
		{D1400001-0001-0001-0001-000000000001}.Debug|Any CPU.ActiveCfg = Debug|Any CPU
		{D1400001-0001-0001-0001-000000000001}.Debug|Any CPU.Build.0 = Debug|Any CPU
		{D1400001-0001-0001-0001-000000000001}.Release|Any CPU.ActiveCfg = Release|Any CPU
		{D1400001-0001-0001-0001-000000000001}.Release|Any CPU.Build.0 = Release|Any CPU
		{D1400002-0002-0002-0002-000000000002}.Debug|Any CPU.ActiveCfg = Debug|Any CPU
		{D1400002-0002-0002-0002-000000000002}.Debug|Any CPU.Build.0 = Debug|Any CPU
		{D1400002-0002-0002-0002-000000000002}.Release|Any CPU.ActiveCfg = Release|Any CPU
		{D1400002-0002-0002-0002-000000000002}.Release|Any CPU.Build.0 = Release|Any CPU
		{D1400003-0003-0003-0003-000000000003}.Debug|Any CPU.ActiveCfg = Debug|Any CPU
		{D1400003-0003-0003-0003-000000000003}.Debug|Any CPU.Build.0 = Debug|Any CPU
		{D1400003-0003-0003-0003-000000000003}.Release|Any CPU.ActiveCfg = Release|Any CPU
		{D1400003-0003-0003-0003-000000000003}.Release|Any CPU.Build.0 = Release|Any CPU
		{D1400004-0004-0004-0004-000000000004}.Debug|Any CPU.ActiveCfg = Debug|Any CPU
		{D1400004-0004-0004-0004-000000000004}.Debug|Any CPU.Build.0 = Debug|Any CPU
		{D1400004-0004-0004-0004-000000000004}.Release|Any CPU.ActiveCfg = Release|Any CPU
		{D1400004-0004-0004-0004-000000000004}.Release|Any CPU.Build.0 = Release|Any CPU
		{D0600001-0001-0001-0001-000000000001}.Debug|Any CPU.ActiveCfg = Debug|Any CPU
		{D0600001-0001-0001-0001-000000000001}.Debug|Any CPU.Build.0 = Debug|Any CPU
		{D0600001-0001-0001-0001-000000000001}.Release|Any CPU.ActiveCfg = Release|Any CPU
		{D0600001-0001-0001-0001-000000000001}.Release|Any CPU.Build.0 = Release|Any CPU
		{D0600002-0002-0002-0002-000000000002}.Debug|Any CPU.ActiveCfg = Debug|Any CPU
		{D0600002-0002-0002-0002-000000000002}.Debug|Any CPU.Build.0 = Debug|Any CPU
		{D0600002-0002-0002-0002-000000000002}.Release|Any CPU.ActiveCfg = Release|Any CPU
		{D0600002-0002-0002-0002-000000000002}.Release|Any CPU.Build.0 = Release|Any CPU
		{D0600003-0003-0003-0003-000000000003}.Debug|Any CPU.ActiveCfg = Debug|Any CPU
		{D0600003-0003-0003-0003-000000000003}.Debug|Any CPU.Build.0 = Debug|Any CPU
		{D0600003-0003-0003-0003-000000000003}.Release|Any CPU.ActiveCfg = Release|Any CPU
		{D0600003-0003-0003-0003-000000000003}.Release|Any CPU.Build.0 = Release|Any CPU
		{D0600004-0004-0004-0004-000000000004}.Debug|Any CPU.ActiveCfg = Debug|Any CPU
		{D0600004-0004-0004-0004-000000000004}.Debug|Any CPU.Build.0 = Debug|Any CPU
		{D0600004-0004-0004-0004-000000000004}.Release|Any CPU.ActiveCfg = Release|Any CPU
		{D0600004-0004-0004-0004-000000000004}.Release|Any CPU.Build.0 = Release|Any CPU
		{D0500001-0001-0001-0001-000000000001}.Debug|Any CPU.ActiveCfg = Debug|Any CPU
		{D0500001-0001-0001-0001-000000000001}.Debug|Any CPU.Build.0 = Debug|Any CPU
		{D0500001-0001-0001-0001-000000000001}.Release|Any CPU.ActiveCfg = Release|Any CPU
		{D0500001-0001-0001-0001-000000000001}.Release|Any CPU.Build.0 = Release|Any CPU
		{D0500002-0002-0002-0002-000000000002}.Debug|Any CPU.ActiveCfg = Debug|Any CPU
		{D0500002-0002-0002-0002-000000000002}.Debug|Any CPU.Build.0 = Debug|Any CPU
		{D0500002-0002-0002-0002-000000000002}.Release|Any CPU.ActiveCfg = Release|Any CPU
		{D0500002-0002-0002-0002-000000000002}.Release|Any CPU.Build.0 = Release|Any CPU
		{D0500003-0003-0003-0003-000000000003}.Debug|Any CPU.ActiveCfg = Debug|Any CPU
		{D0500003-0003-0003-0003-000000000003}.Debug|Any CPU.Build.0 = Debug|Any CPU
		{D0500003-0003-0003-0003-000000000003}.Release|Any CPU.ActiveCfg = Release|Any CPU
		{D0500003-0003-0003-0003-000000000003}.Release|Any CPU.Build.0 = Release|Any CPU
		{D0500004-0004-0004-0004-000000000004}.Debug|Any CPU.ActiveCfg = Debug|Any CPU
		{D0500004-0004-0004-0004-000000000004}.Debug|Any CPU.Build.0 = Debug|Any CPU
		{D0500004-0004-0004-0004-000000000004}.Release|Any CPU.ActiveCfg = Release|Any CPU
		{D0500004-0004-0004-0004-000000000004}.Release|Any CPU.Build.0 = Release|Any CPU
		{D0200001-0001-0001-0001-000000000001}.Debug|Any CPU.ActiveCfg = Debug|Any CPU
		{D0200001-0001-0001-0001-000000000001}.Debug|Any CPU.Build.0 = Debug|Any CPU
		{D0200001-0001-0001-0001-000000000001}.Release|Any CPU.ActiveCfg = Release|Any CPU
		{D0200001-0001-0001-0001-000000000001}.Release|Any CPU.Build.0 = Release|Any CPU
		{D0200002-0002-0002-0002-000000000002}.Debug|Any CPU.ActiveCfg = Debug|Any CPU
		{D0200002-0002-0002-0002-000000000002}.Debug|Any CPU.Build.0 = Debug|Any CPU
		{D0200002-0002-0002-0002-000000000002}.Release|Any CPU.ActiveCfg = Release|Any CPU
		{D0200002-0002-0002-0002-000000000002}.Release|Any CPU.Build.0 = Release|Any CPU
		{D0200003-0003-0003-0003-000000000003}.Debug|Any CPU.ActiveCfg = Debug|Any CPU
		{D0200003-0003-0003-0003-000000000003}.Debug|Any CPU.Build.0 = Debug|Any CPU
		{D0200003-0003-0003-0003-000000000003}.Release|Any CPU.ActiveCfg = Release|Any CPU
		{D0200003-0003-0003-0003-000000000003}.Release|Any CPU.Build.0 = Release|Any CPU
		{D0200004-0004-0004-0004-000000000004}.Debug|Any CPU.ActiveCfg = Debug|Any CPU
		{D0200004-0004-0004-0004-000000000004}.Debug|Any CPU.Build.0 = Debug|Any CPU
		{D0200004-0004-0004-0004-000000000004}.Release|Any CPU.ActiveCfg = Release|Any CPU
		{D0200004-0004-0004-0004-000000000004}.Release|Any CPU.Build.0 = Release|Any CPU
		{D0700001-0001-0001-0001-000000000001}.Debug|Any CPU.ActiveCfg = Debug|Any CPU
		{D0700001-0001-0001-0001-000000000001}.Debug|Any CPU.Build.0 = Debug|Any CPU
		{D0700001-0001-0001-0001-000000000001}.Release|Any CPU.ActiveCfg = Release|Any CPU
		{D0700001-0001-0001-0001-000000000001}.Release|Any CPU.Build.0 = Release|Any CPU
		{D0700002-0002-0002-0002-000000000002}.Debug|Any CPU.ActiveCfg = Debug|Any CPU
		{D0700002-0002-0002-0002-000000000002}.Debug|Any CPU.Build.0 = Debug|Any CPU
		{D0700002-0002-0002-0002-000000000002}.Release|Any CPU.ActiveCfg = Release|Any CPU
		{D0700002-0002-0002-0002-000000000002}.Release|Any CPU.Build.0 = Release|Any CPU
		{D0700003-0003-0003-0003-000000000003}.Debug|Any CPU.ActiveCfg = Debug|Any CPU
		{D0700003-0003-0003-0003-000000000003}.Debug|Any CPU.Build.0 = Debug|Any CPU
		{D0700003-0003-0003-0003-000000000003}.Release|Any CPU.ActiveCfg = Release|Any CPU
		{D0700003-0003-0003-0003-000000000003}.Release|Any CPU.Build.0 = Release|Any CPU
		{D0700004-0004-0004-0004-000000000004}.Debug|Any CPU.ActiveCfg = Debug|Any CPU
		{D0700004-0004-0004-0004-000000000004}.Debug|Any CPU.Build.0 = Debug|Any CPU
		{D0700004-0004-0004-0004-000000000004}.Release|Any CPU.ActiveCfg = Release|Any CPU
		{D0700004-0004-0004-0004-000000000004}.Release|Any CPU.Build.0 = Release|Any CPU
		{D0900001-0001-0001-0001-000000000001}.Debug|Any CPU.ActiveCfg = Debug|Any CPU
		{D0900001-0001-0001-0001-000000000001}.Debug|Any CPU.Build.0 = Debug|Any CPU
		{D0900001-0001-0001-0001-000000000001}.Release|Any CPU.ActiveCfg = Release|Any CPU
		{D0900001-0001-0001-0001-000000000001}.Release|Any CPU.Build.0 = Release|Any CPU
		{D0900002-0002-0002-0002-000000000002}.Debug|Any CPU.ActiveCfg = Debug|Any CPU
		{D0900002-0002-0002-0002-000000000002}.Debug|Any CPU.Build.0 = Debug|Any CPU
		{D0900002-0002-0002-0002-000000000002}.Release|Any CPU.ActiveCfg = Release|Any CPU
		{D0900002-0002-0002-0002-000000000002}.Release|Any CPU.Build.0 = Release|Any CPU
		{D0900003-0003-0003-0003-000000000003}.Debug|Any CPU.ActiveCfg = Debug|Any CPU
		{D0900003-0003-0003-0003-000000000003}.Debug|Any CPU.Build.0 = Debug|Any CPU
		{D0900003-0003-0003-0003-000000000003}.Release|Any CPU.ActiveCfg = Release|Any CPU
		{D0900003-0003-0003-0003-000000000003}.Release|Any CPU.Build.0 = Release|Any CPU
		{D0900004-0004-0004-0004-000000000004}.Debug|Any CPU.ActiveCfg = Debug|Any CPU
		{D0900004-0004-0004-0004-000000000004}.Debug|Any CPU.Build.0 = Debug|Any CPU
		{D0900004-0004-0004-0004-000000000004}.Release|Any CPU.ActiveCfg = Release|Any CPU
		{D0900004-0004-0004-0004-000000000004}.Release|Any CPU.Build.0 = Release|Any CPU
		{818721F3-2F05-4E5C-80B9-EABB396389CD}.Debug|Any CPU.ActiveCfg = Debug|Any CPU
		{818721F3-2F05-4E5C-80B9-EABB396389CD}.Debug|Any CPU.Build.0 = Debug|Any CPU
		{818721F3-2F05-4E5C-80B9-EABB396389CD}.Release|Any CPU.ActiveCfg = Release|Any CPU
		{818721F3-2F05-4E5C-80B9-EABB396389CD}.Release|Any CPU.Build.0 = Release|Any CPU
		{7350ECCE-2519-4546-8781-28D2D6DBD357}.Debug|Any CPU.ActiveCfg = Debug|Any CPU
		{7350ECCE-2519-4546-8781-28D2D6DBD357}.Debug|Any CPU.Build.0 = Debug|Any CPU
		{7350ECCE-2519-4546-8781-28D2D6DBD357}.Release|Any CPU.ActiveCfg = Release|Any CPU
		{7350ECCE-2519-4546-8781-28D2D6DBD357}.Release|Any CPU.Build.0 = Release|Any CPU
		{5D414F7F-474B-4614-A209-99FB7DC73D61}.Debug|Any CPU.ActiveCfg = Debug|Any CPU
		{5D414F7F-474B-4614-A209-99FB7DC73D61}.Debug|Any CPU.Build.0 = Debug|Any CPU
		{5D414F7F-474B-4614-A209-99FB7DC73D61}.Release|Any CPU.ActiveCfg = Release|Any CPU
		{5D414F7F-474B-4614-A209-99FB7DC73D61}.Release|Any CPU.Build.0 = Release|Any CPU
		{88697D93-CA18-48CA-AF2A-F9B25C7B5CC7}.Debug|Any CPU.ActiveCfg = Debug|Any CPU
		{88697D93-CA18-48CA-AF2A-F9B25C7B5CC7}.Debug|Any CPU.Build.0 = Debug|Any CPU
		{88697D93-CA18-48CA-AF2A-F9B25C7B5CC7}.Release|Any CPU.ActiveCfg = Release|Any CPU
		{88697D93-CA18-48CA-AF2A-F9B25C7B5CC7}.Release|Any CPU.Build.0 = Release|Any CPU
		{D399E7E1-8C97-4F8B-A262-65990ECA3902}.Debug|Any CPU.ActiveCfg = Debug|Any CPU
		{D399E7E1-8C97-4F8B-A262-65990ECA3902}.Debug|Any CPU.Build.0 = Debug|Any CPU
		{D399E7E1-8C97-4F8B-A262-65990ECA3902}.Release|Any CPU.ActiveCfg = Release|Any CPU
		{D399E7E1-8C97-4F8B-A262-65990ECA3902}.Release|Any CPU.Build.0 = Release|Any CPU
		{70460633-7465-478E-817D-69AD70C31758}.Debug|Any CPU.ActiveCfg = Debug|Any CPU
		{70460633-7465-478E-817D-69AD70C31758}.Debug|Any CPU.Build.0 = Debug|Any CPU
		{70460633-7465-478E-817D-69AD70C31758}.Release|Any CPU.ActiveCfg = Release|Any CPU
		{70460633-7465-478E-817D-69AD70C31758}.Release|Any CPU.Build.0 = Release|Any CPU
		{6C839FD1-CB53-4A55-BC4C-D2CB0CBEA93B}.Debug|Any CPU.ActiveCfg = Debug|Any CPU
		{6C839FD1-CB53-4A55-BC4C-D2CB0CBEA93B}.Debug|Any CPU.Build.0 = Debug|Any CPU
		{6C839FD1-CB53-4A55-BC4C-D2CB0CBEA93B}.Release|Any CPU.ActiveCfg = Release|Any CPU
		{6C839FD1-CB53-4A55-BC4C-D2CB0CBEA93B}.Release|Any CPU.Build.0 = Release|Any CPU
		{3CF900DF-EEF5-4E60-AF9E-FE1410F31246}.Debug|Any CPU.ActiveCfg = Debug|Any CPU
		{3CF900DF-EEF5-4E60-AF9E-FE1410F31246}.Debug|Any CPU.Build.0 = Debug|Any CPU
		{3CF900DF-EEF5-4E60-AF9E-FE1410F31246}.Release|Any CPU.ActiveCfg = Release|Any CPU
		{3CF900DF-EEF5-4E60-AF9E-FE1410F31246}.Release|Any CPU.Build.0 = Release|Any CPU
		{9BBABE8C-67E2-4DAD-8C95-8F6D1D24D1E7}.Debug|Any CPU.ActiveCfg = Debug|Any CPU
		{9BBABE8C-67E2-4DAD-8C95-8F6D1D24D1E7}.Debug|Any CPU.Build.0 = Debug|Any CPU
		{9BBABE8C-67E2-4DAD-8C95-8F6D1D24D1E7}.Release|Any CPU.ActiveCfg = Release|Any CPU
		{9BBABE8C-67E2-4DAD-8C95-8F6D1D24D1E7}.Release|Any CPU.Build.0 = Release|Any CPU
	EndGlobalSection
	GlobalSection(SolutionProperties) = preSolution
		HideSolutionNode = FALSE
	EndGlobalSection
	GlobalSection(NestedProjects) = preSolution
		{C0000001-0001-0001-0001-000000000001} = {B1B11111-1111-1111-1111-111111111111}
		{C0000002-0002-0002-0002-000000000002} = {B1B11111-1111-1111-1111-111111111111}
		{C0000003-0003-0003-0003-000000000003} = {B1B11111-1111-1111-1111-111111111111}
		{C0000004-0004-0004-0004-000000000004} = {B1B11111-1111-1111-1111-111111111111}
		{C0000005-0005-0005-0005-000000000005} = {B1B11111-1111-1111-1111-111111111111}
		{C0000006-0006-0006-0006-000000000006} = {B2B22222-2222-2222-2222-222222222222}
		{C0000007-0007-0007-0007-000000000007} = {B2B22222-2222-2222-2222-222222222222}
		{C0000008-0008-0008-0008-000000000008} = {B2B22222-2222-2222-2222-222222222222}
		{C0000009-0009-0009-0009-000000000009} = {B3B33333-3333-3333-3333-333333333333}
		{C000000A-000A-000A-000A-00000000000A} = {B3B33333-3333-3333-3333-333333333333}
		{C000000B-000B-000B-000B-00000000000B} = {B4B44444-4444-4444-4444-444444444444}
		{D1000001-0001-0001-0001-000000000001} = {B5B55555-5555-5555-5555-555555555555}
		{D1000002-0002-0002-0002-000000000002} = {B5B55555-5555-5555-5555-555555555555}
		{D1000003-0003-0003-0003-000000000003} = {B5B55555-5555-5555-5555-555555555555}
		{D1000004-0004-0004-0004-000000000004} = {B5B55555-5555-5555-5555-555555555555}
		{D2600001-0001-0001-0001-000000000001} = {B5B55555-5555-5555-5555-555555555555}
		{D2600002-0002-0002-0002-000000000002} = {B5B55555-5555-5555-5555-555555555555}
		{D2600003-0003-0003-0003-000000000003} = {B5B55555-5555-5555-5555-555555555555}
		{D2600004-0004-0004-0004-000000000004} = {B5B55555-5555-5555-5555-555555555555}
		{D2100001-0001-0001-0001-000000000001} = {B5B55555-5555-5555-5555-555555555555}
		{D2100002-0002-0002-0002-000000000002} = {B5B55555-5555-5555-5555-555555555555}
		{D2100003-0003-0003-0003-000000000003} = {B5B55555-5555-5555-5555-555555555555}
		{D2100004-0004-0004-0004-000000000004} = {B5B55555-5555-5555-5555-555555555555}
		{D2700001-0001-0001-0001-000000000001} = {B5B55555-5555-5555-5555-555555555555}
		{D2700002-0002-0002-0002-000000000002} = {B5B55555-5555-5555-5555-555555555555}
		{D2700003-0003-0003-0003-000000000003} = {B5B55555-5555-5555-5555-555555555555}
		{D2700004-0004-0004-0004-000000000004} = {B5B55555-5555-5555-5555-555555555555}
		{D0300001-0001-0001-0001-000000000001} = {B5B55555-5555-5555-5555-555555555555}
		{D0300002-0002-0002-0002-000000000002} = {B5B55555-5555-5555-5555-555555555555}
		{D0300003-0003-0003-0003-000000000003} = {B5B55555-5555-5555-5555-555555555555}
		{D0300004-0004-0004-0004-000000000004} = {B5B55555-5555-5555-5555-555555555555}
		{D1400001-0001-0001-0001-000000000001} = {B5B55555-5555-5555-5555-555555555555}
		{D1400002-0002-0002-0002-000000000002} = {B5B55555-5555-5555-5555-555555555555}
		{D1400003-0003-0003-0003-000000000003} = {B5B55555-5555-5555-5555-555555555555}
		{D1400004-0004-0004-0004-000000000004} = {B5B55555-5555-5555-5555-555555555555}
		{D0600001-0001-0001-0001-000000000001} = {B5B55555-5555-5555-5555-555555555555}
		{D0600002-0002-0002-0002-000000000002} = {B5B55555-5555-5555-5555-555555555555}
		{D0600003-0003-0003-0003-000000000003} = {B5B55555-5555-5555-5555-555555555555}
		{D0600004-0004-0004-0004-000000000004} = {B5B55555-5555-5555-5555-555555555555}
		{D0500001-0001-0001-0001-000000000001} = {B5B55555-5555-5555-5555-555555555555}
		{D0500002-0002-0002-0002-000000000002} = {B5B55555-5555-5555-5555-555555555555}
		{D0500003-0003-0003-0003-000000000003} = {B5B55555-5555-5555-5555-555555555555}
		{D0500004-0004-0004-0004-000000000004} = {B5B55555-5555-5555-5555-555555555555}
		{D0200001-0001-0001-0001-000000000001} = {B5B55555-5555-5555-5555-555555555555}
		{D0200002-0002-0002-0002-000000000002} = {B5B55555-5555-5555-5555-555555555555}
		{D0200003-0003-0003-0003-000000000003} = {B5B55555-5555-5555-5555-555555555555}
		{D0200004-0004-0004-0004-000000000004} = {B5B55555-5555-5555-5555-555555555555}
		{D0700001-0001-0001-0001-000000000001} = {B5B55555-5555-5555-5555-555555555555}
		{D0700002-0002-0002-0002-000000000002} = {B5B55555-5555-5555-5555-555555555555}
		{D0700003-0003-0003-0003-000000000003} = {B5B55555-5555-5555-5555-555555555555}
		{D0700004-0004-0004-0004-000000000004} = {B5B55555-5555-5555-5555-555555555555}
		{D0900001-0001-0001-0001-000000000001} = {B5B55555-5555-5555-5555-555555555555}
		{D0900002-0002-0002-0002-000000000002} = {B5B55555-5555-5555-5555-555555555555}
		{D0900003-0003-0003-0003-000000000003} = {B5B55555-5555-5555-5555-555555555555}
		{D0900004-0004-0004-0004-000000000004} = {B5B55555-5555-5555-5555-555555555555}
		{5813DB08-8595-4DC3-8126-835495488D32} = {B5B55555-5555-5555-5555-555555555555}
		{818721F3-2F05-4E5C-80B9-EABB396389CD} = {5813DB08-8595-4DC3-8126-835495488D32}
		{7350ECCE-2519-4546-8781-28D2D6DBD357} = {5813DB08-8595-4DC3-8126-835495488D32}
		{5D414F7F-474B-4614-A209-99FB7DC73D61} = {5813DB08-8595-4DC3-8126-835495488D32}
		{88697D93-CA18-48CA-AF2A-F9B25C7B5CC7} = {5813DB08-8595-4DC3-8126-835495488D32}
		{76EE884D-7477-4924-9867-971EE610C8E3} = {8EDF26D0-33DF-4F90-9A08-711CC994E74E}
		{D399E7E1-8C97-4F8B-A262-65990ECA3902} = {76EE884D-7477-4924-9867-971EE610C8E3}
		{3DBAD557-30EB-4CAE-BD07-226D147D8A7D} = {B5B55555-5555-5555-5555-555555555555}
		{70460633-7465-478E-817D-69AD70C31758} = {3DBAD557-30EB-4CAE-BD07-226D147D8A7D}
		{6C839FD1-CB53-4A55-BC4C-D2CB0CBEA93B} = {3DBAD557-30EB-4CAE-BD07-226D147D8A7D}
		{3CF900DF-EEF5-4E60-AF9E-FE1410F31246} = {3DBAD557-30EB-4CAE-BD07-226D147D8A7D}
		{9BBABE8C-67E2-4DAD-8C95-8F6D1D24D1E7} = {3DBAD557-30EB-4CAE-BD07-226D147D8A7D}
	EndGlobalSection
EndGlobal
